
Microsoft Visual Studio Solution File, Format Version 12.00
# Visual Studio Version 16
VisualStudioVersion = 16.0.28803.352
MinimumVisualStudioVersion = 10.0.40219.1
Project("{9A19103F-16F7-4668-BE54-9A1E7A4F7556}") = "Maelstrom", "Maelstrom\Maelstrom.csproj", "{2F2C51AE-51D5-424D-A706-09992D9ACB92}"
EndProject
Project("{9A19103F-16F7-4668-BE54-9A1E7A4F7556}") = "FF8Mod", "FF8Mod\FF8Mod.csproj", "{30B7DF9E-B589-40A3-A687-1D0399041FF9}"
EndProject
Project("{9A19103F-16F7-4668-BE54-9A1E7A4F7556}") = "FF8ModTest", "FF8ModTest\FF8ModTest.csproj", "{D12ACB79-E8BA-41B4-AD74-F35D86084C42}"
EndProject
Global
	GlobalSection(SolutionConfigurationPlatforms) = preSolution
		Debug|Any CPU = Debug|Any CPU
		Release|Any CPU = Release|Any CPU
	EndGlobalSection
	GlobalSection(ProjectConfigurationPlatforms) = postSolution
		{2F2C51AE-51D5-424D-A706-09992D9ACB92}.Debug|Any CPU.ActiveCfg = Debug|Any CPU
		{2F2C51AE-51D5-424D-A706-09992D9ACB92}.Debug|Any CPU.Build.0 = Debug|Any CPU
		{2F2C51AE-51D5-424D-A706-09992D9ACB92}.Release|Any CPU.ActiveCfg = Release|Any CPU
		{2F2C51AE-51D5-424D-A706-09992D9ACB92}.Release|Any CPU.Build.0 = Release|Any CPU
		{30B7DF9E-B589-40A3-A687-1D0399041FF9}.Debug|Any CPU.ActiveCfg = Debug|Any CPU
		{30B7DF9E-B589-40A3-A687-1D0399041FF9}.Debug|Any CPU.Build.0 = Debug|Any CPU
		{30B7DF9E-B589-40A3-A687-1D0399041FF9}.Release|Any CPU.ActiveCfg = Release|Any CPU
		{30B7DF9E-B589-40A3-A687-1D0399041FF9}.Release|Any CPU.Build.0 = Release|Any CPU
		{D12ACB79-E8BA-41B4-AD74-F35D86084C42}.Debug|Any CPU.ActiveCfg = Debug|Any CPU
		{D12ACB79-E8BA-41B4-AD74-F35D86084C42}.Debug|Any CPU.Build.0 = Debug|Any CPU
		{D12ACB79-E8BA-41B4-AD74-F35D86084C42}.Release|Any CPU.ActiveCfg = Release|Any CPU
		{D12ACB79-E8BA-41B4-AD74-F35D86084C42}.Release|Any CPU.Build.0 = Release|Any CPU
	EndGlobalSection
	GlobalSection(SolutionProperties) = preSolution
		HideSolutionNode = FALSE
	EndGlobalSection
	GlobalSection(ExtensibilityGlobals) = postSolution
		SolutionGuid = {3D1E4C9A-1F0F-4362-952E-24BB5DB4E744}
	EndGlobalSection
EndGlobal
